
Microsoft Visual Studio Solution File, Format Version 12.00
# Visual Studio Version 17
VisualStudioVersion = 17.9.34616.47
MinimumVisualStudioVersion = 10.0.40219.1
Project("{FAE04EC0-301F-11D3-BF4B-00C04F79EFBC}") = "GeneradorDeContraseñas", "GeneradorDeContraseñas\GeneradorDeContraseñas.csproj", "{541B4E64-B42C-4495-BEBA-EBFFB49C8DE8}"
EndProject
Global
	GlobalSection(SolutionConfigurationPlatforms) = preSolution
		Debug|Any CPU = Debug|Any CPU
		Release|Any CPU = Release|Any CPU
	EndGlobalSection
	GlobalSection(ProjectConfigurationPlatforms) = postSolution
		{541B4E64-B42C-4495-BEBA-EBFFB49C8DE8}.Debug|Any CPU.ActiveCfg = Debug|Any CPU
		{541B4E64-B42C-4495-BEBA-EBFFB49C8DE8}.Debug|Any CPU.Build.0 = Debug|Any CPU
		{541B4E64-B42C-4495-BEBA-EBFFB49C8DE8}.Release|Any CPU.ActiveCfg = Release|Any CPU
		{541B4E64-B42C-4495-BEBA-EBFFB49C8DE8}.Release|Any CPU.Build.0 = Release|Any CPU
	EndGlobalSection
	GlobalSection(SolutionProperties) = preSolution
		HideSolutionNode = FALSE
	EndGlobalSection
	GlobalSection(ExtensibilityGlobals) = postSolution
		SolutionGuid = {F07036ED-2CF3-4A52-BA3C-8B068BA821B5}
	EndGlobalSection
EndGlobal
